
Microsoft Visual Studio Solution File, Format Version 12.00
Project("{FAE04EC0-301F-11D3-BF4B-00C04F79EFBC}") = "EarthquakeApi", "EarthquakeApi.csproj", "{812DDA72-7694-4E80-80B2-D93A06428159}"
EndProject
Project("{2150E333-8FDC-42A3-9474-1A3956D46DE8}") = "Solution Files", "Solution Files", "{02D0A443-A800-431A-BA52-F3AF7D67F1E6}"
EndProject
Global
	GlobalSection(SolutionConfigurationPlatforms) = preSolution
		Debug|Any CPU = Debug|Any CPU
		Release|Any CPU = Release|Any CPU
	EndGlobalSection
	GlobalSection(ProjectConfigurationPlatforms) = postSolution
		{812DDA72-7694-4E80-80B2-D93A06428159}.Debug|Any CPU.ActiveCfg = Debug|Any CPU
		{812DDA72-7694-4E80-80B2-D93A06428159}.Debug|Any CPU.Build.0 = Debug|Any CPU
		{812DDA72-7694-4E80-80B2-D93A06428159}.Release|Any CPU.ActiveCfg = Release|Any CPU
		{812DDA72-7694-4E80-80B2-D93A06428159}.Release|Any CPU.Build.0 = Release|Any CPU
	EndGlobalSection
EndGlobal
